
Microsoft Visual Studio Solution File, Format Version 12.00
# Visual Studio Version 16
VisualStudioVersion = 16.0.31105.61
MinimumVisualStudioVersion = 10.0.40219.1
Project("{FAE04EC0-301F-11D3-BF4B-00C04F79EFBC}") = "MovieServiceGrpcYouTube", "MovieServiceGrpcYouTube\MovieServiceGrpcYouTube.csproj", "{941771DD-B4F4-4066-B7FD-2A5E434776B3}"
EndProject
Project("{9A19103F-16F7-4668-BE54-9A1E7A4F7556}") = "DomainLayer", "DomainLayer\DomainLayer.csproj", "{F8E7D359-58C6-42D4-AA4F-FF18A477FBA2}"
EndProject
Project("{00D1A9C2-B5F0-4AF3-8072-F6C62B433612}") = "MovieDb", "MovieDb\MovieDb.sqlproj", "{7F20BE5F-8F3D-4941-9BD9-F6ED8F816AA4}"
EndProject
Project("{9A19103F-16F7-4668-BE54-9A1E7A4F7556}") = "MovieServiceGrpcClient", "MovieServiceGrpcClient\MovieServiceGrpcClient.csproj", "{F1EAC544-43FA-4B01-9719-E0B720E968CA}"
EndProject
Global
	GlobalSection(SolutionConfigurationPlatforms) = preSolution
		Debug|Any CPU = Debug|Any CPU
		Release|Any CPU = Release|Any CPU
	EndGlobalSection
	GlobalSection(ProjectConfigurationPlatforms) = postSolution
		{941771DD-B4F4-4066-B7FD-2A5E434776B3}.Debug|Any CPU.ActiveCfg = Debug|Any CPU
		{941771DD-B4F4-4066-B7FD-2A5E434776B3}.Debug|Any CPU.Build.0 = Debug|Any CPU
		{941771DD-B4F4-4066-B7FD-2A5E434776B3}.Release|Any CPU.ActiveCfg = Release|Any CPU
		{941771DD-B4F4-4066-B7FD-2A5E434776B3}.Release|Any CPU.Build.0 = Release|Any CPU
		{F8E7D359-58C6-42D4-AA4F-FF18A477FBA2}.Debug|Any CPU.ActiveCfg = Debug|Any CPU
		{F8E7D359-58C6-42D4-AA4F-FF18A477FBA2}.Debug|Any CPU.Build.0 = Debug|Any CPU
		{F8E7D359-58C6-42D4-AA4F-FF18A477FBA2}.Release|Any CPU.ActiveCfg = Release|Any CPU
		{F8E7D359-58C6-42D4-AA4F-FF18A477FBA2}.Release|Any CPU.Build.0 = Release|Any CPU
		{7F20BE5F-8F3D-4941-9BD9-F6ED8F816AA4}.Debug|Any CPU.ActiveCfg = Debug|Any CPU
		{7F20BE5F-8F3D-4941-9BD9-F6ED8F816AA4}.Debug|Any CPU.Build.0 = Debug|Any CPU
		{7F20BE5F-8F3D-4941-9BD9-F6ED8F816AA4}.Debug|Any CPU.Deploy.0 = Debug|Any CPU
		{7F20BE5F-8F3D-4941-9BD9-F6ED8F816AA4}.Release|Any CPU.ActiveCfg = Release|Any CPU
		{7F20BE5F-8F3D-4941-9BD9-F6ED8F816AA4}.Release|Any CPU.Build.0 = Release|Any CPU
		{7F20BE5F-8F3D-4941-9BD9-F6ED8F816AA4}.Release|Any CPU.Deploy.0 = Release|Any CPU
		{F1EAC544-43FA-4B01-9719-E0B720E968CA}.Debug|Any CPU.ActiveCfg = Debug|Any CPU
		{F1EAC544-43FA-4B01-9719-E0B720E968CA}.Debug|Any CPU.Build.0 = Debug|Any CPU
		{F1EAC544-43FA-4B01-9719-E0B720E968CA}.Release|Any CPU.ActiveCfg = Release|Any CPU
		{F1EAC544-43FA-4B01-9719-E0B720E968CA}.Release|Any CPU.Build.0 = Release|Any CPU
	EndGlobalSection
	GlobalSection(SolutionProperties) = preSolution
		HideSolutionNode = FALSE
	EndGlobalSection
	GlobalSection(ExtensibilityGlobals) = postSolution
		SolutionGuid = {14F00F7A-BEE7-4354-9A7B-0030406B20AB}
	EndGlobalSection
EndGlobal
